
Microsoft Visual Studio Solution File, Format Version 12.00
# Visual Studio Version 16
VisualStudioVersion = 16.0.31205.134
MinimumVisualStudioVersion = 10.0.40219.1
Project("{FAE04EC0-301F-11D3-BF4B-00C04F79EFBC}") = "lab14", "lab14\lab14.csproj", "{CA646841-A3CF-4185-ABBC-36E54E0C8966}"
EndProject
Global
	GlobalSection(SolutionConfigurationPlatforms) = preSolution
		Debug|Any CPU = Debug|Any CPU
		Release|Any CPU = Release|Any CPU
	EndGlobalSection
	GlobalSection(ProjectConfigurationPlatforms) = postSolution
		{CA646841-A3CF-4185-ABBC-36E54E0C8966}.Debug|Any CPU.ActiveCfg = Debug|Any CPU
		{CA646841-A3CF-4185-ABBC-36E54E0C8966}.Debug|Any CPU.Build.0 = Debug|Any CPU
		{CA646841-A3CF-4185-ABBC-36E54E0C8966}.Release|Any CPU.ActiveCfg = Release|Any CPU
		{CA646841-A3CF-4185-ABBC-36E54E0C8966}.Release|Any CPU.Build.0 = Release|Any CPU
	EndGlobalSection
	GlobalSection(SolutionProperties) = preSolution
		HideSolutionNode = FALSE
	EndGlobalSection
	GlobalSection(ExtensibilityGlobals) = postSolution
		SolutionGuid = {CDB6C82D-0532-420D-8775-98654F1389D8}
	EndGlobalSection
EndGlobal
